
Microsoft Visual Studio Solution File, Format Version 12.00
# Visual Studio Version 17
VisualStudioVersion = 17.5.2.0
MinimumVisualStudioVersion = 10.0.40219.1
Project("{2150E333-8FDC-42A3-9474-1A3956D46DE8}") = "samples", "samples", "{5D20AA90-6969-D8BD-9DCD-8634F4692FDA}"
EndProject
Project("{2150E333-8FDC-42A3-9474-1A3956D46DE8}") = "src", "src", "{827E0CD3-B72D-47B6-A68D-7590B98EB39B}"
EndProject
Project("{FAE04EC0-301F-11D3-BF4B-00C04F79EFBC}") = "DevToolsUno.Sample", "samples\DevToolsUno.Sample\DevToolsUno.Sample.csproj", "{803BE357-7AEB-4E44-33FB-34603758C860}"
EndProject
Project("{FAE04EC0-301F-11D3-BF4B-00C04F79EFBC}") = "DevToolsUno", "src\DevToolsUno\DevToolsUno.csproj", "{213DE059-55C1-C67D-38F3-2EDD94B6CFEC}"
EndProject
Global
	GlobalSection(SolutionConfigurationPlatforms) = preSolution
		Debug|Any CPU = Debug|Any CPU
		Debug|x64 = Debug|x64
		Debug|x86 = Debug|x86
		Release|Any CPU = Release|Any CPU
		Release|x64 = Release|x64
		Release|x86 = Release|x86
	EndGlobalSection
	GlobalSection(ProjectConfigurationPlatforms) = postSolution
		{803BE357-7AEB-4E44-33FB-34603758C860}.Debug|Any CPU.ActiveCfg = Debug|Any CPU
		{803BE357-7AEB-4E44-33FB-34603758C860}.Debug|Any CPU.Build.0 = Debug|Any CPU
		{803BE357-7AEB-4E44-33FB-34603758C860}.Debug|x64.ActiveCfg = Debug|Any CPU
		{803BE357-7AEB-4E44-33FB-34603758C860}.Debug|x64.Build.0 = Debug|Any CPU
		{803BE357-7AEB-4E44-33FB-34603758C860}.Debug|x86.ActiveCfg = Debug|Any CPU
		{803BE357-7AEB-4E44-33FB-34603758C860}.Debug|x86.Build.0 = Debug|Any CPU
		{803BE357-7AEB-4E44-33FB-34603758C860}.Release|Any CPU.ActiveCfg = Release|Any CPU
		{803BE357-7AEB-4E44-33FB-34603758C860}.Release|Any CPU.Build.0 = Release|Any CPU
		{803BE357-7AEB-4E44-33FB-34603758C860}.Release|x64.ActiveCfg = Release|Any CPU
		{803BE357-7AEB-4E44-33FB-34603758C860}.Release|x64.Build.0 = Release|Any CPU
		{803BE357-7AEB-4E44-33FB-34603758C860}.Release|x86.ActiveCfg = Release|Any CPU
		{803BE357-7AEB-4E44-33FB-34603758C860}.Release|x86.Build.0 = Release|Any CPU
		{213DE059-55C1-C67D-38F3-2EDD94B6CFEC}.Debug|Any CPU.ActiveCfg = Debug|Any CPU
		{213DE059-55C1-C67D-38F3-2EDD94B6CFEC}.Debug|Any CPU.Build.0 = Debug|Any CPU
		{213DE059-55C1-C67D-38F3-2EDD94B6CFEC}.Debug|x64.ActiveCfg = Debug|Any CPU
		{213DE059-55C1-C67D-38F3-2EDD94B6CFEC}.Debug|x64.Build.0 = Debug|Any CPU
		{213DE059-55C1-C67D-38F3-2EDD94B6CFEC}.Debug|x86.ActiveCfg = Debug|Any CPU
		{213DE059-55C1-C67D-38F3-2EDD94B6CFEC}.Debug|x86.Build.0 = Debug|Any CPU
		{213DE059-55C1-C67D-38F3-2EDD94B6CFEC}.Release|Any CPU.ActiveCfg = Release|Any CPU
		{213DE059-55C1-C67D-38F3-2EDD94B6CFEC}.Release|Any CPU.Build.0 = Release|Any CPU
		{213DE059-55C1-C67D-38F3-2EDD94B6CFEC}.Release|x64.ActiveCfg = Release|Any CPU
		{213DE059-55C1-C67D-38F3-2EDD94B6CFEC}.Release|x64.Build.0 = Release|Any CPU
		{213DE059-55C1-C67D-38F3-2EDD94B6CFEC}.Release|x86.ActiveCfg = Release|Any CPU
		{213DE059-55C1-C67D-38F3-2EDD94B6CFEC}.Release|x86.Build.0 = Release|Any CPU
	EndGlobalSection
	GlobalSection(SolutionProperties) = preSolution
		HideSolutionNode = FALSE
	EndGlobalSection
	GlobalSection(NestedProjects) = preSolution
		{803BE357-7AEB-4E44-33FB-34603758C860} = {5D20AA90-6969-D8BD-9DCD-8634F4692FDA}
		{213DE059-55C1-C67D-38F3-2EDD94B6CFEC} = {827E0CD3-B72D-47B6-A68D-7590B98EB39B}
	EndGlobalSection
	GlobalSection(ExtensibilityGlobals) = postSolution
		SolutionGuid = {B43BCF0E-586F-45A9-BF84-E8AC1C216C4F}
	EndGlobalSection
EndGlobal
